
Microsoft Visual Studio Solution File, Format Version 12.00
# Visual Studio Version 16
VisualStudioVersion = 16.0.29806.167
MinimumVisualStudioVersion = 10.0.40219.1
Project("{9A19103F-16F7-4668-BE54-9A1E7A4F7556}") = "ImageCompress.Cli", "ImageCompress.Cli\ImageCompress.Cli.csproj", "{CAF3FF27-B228-4079-BB52-545EA93BD966}"
EndProject
Project("{D954291E-2A0B-460D-934E-DC6B0785DB48}") = "ImageCompress.Shared", "ImageCompress.Shared\ImageCompress.Shared.shproj", "{B40BCE1D-3194-452E-9B99-26EF65C1D21D}"
EndProject
Global
	GlobalSection(SharedMSBuildProjectFiles) = preSolution
		ImageCompress.Shared\ImageCompress.Shared.projitems*{b40bce1d-3194-452e-9b99-26ef65c1d21d}*SharedItemsImports = 13
		ImageCompress.Shared\ImageCompress.Shared.projitems*{caf3ff27-b228-4079-bb52-545ea93bd966}*SharedItemsImports = 5
	EndGlobalSection
	GlobalSection(SolutionConfigurationPlatforms) = preSolution
		Debug|Any CPU = Debug|Any CPU
		Release|Any CPU = Release|Any CPU
	EndGlobalSection
	GlobalSection(ProjectConfigurationPlatforms) = postSolution
		{CAF3FF27-B228-4079-BB52-545EA93BD966}.Debug|Any CPU.ActiveCfg = Debug|Any CPU
		{CAF3FF27-B228-4079-BB52-545EA93BD966}.Debug|Any CPU.Build.0 = Debug|Any CPU
		{CAF3FF27-B228-4079-BB52-545EA93BD966}.Release|Any CPU.ActiveCfg = Release|Any CPU
		{CAF3FF27-B228-4079-BB52-545EA93BD966}.Release|Any CPU.Build.0 = Release|Any CPU
	EndGlobalSection
	GlobalSection(SolutionProperties) = preSolution
		HideSolutionNode = FALSE
	EndGlobalSection
	GlobalSection(ExtensibilityGlobals) = postSolution
		SolutionGuid = {0A241B3E-3CB9-422A-95D7-855FD3F2894C}
	EndGlobalSection
EndGlobal
